
Microsoft Visual Studio Solution File, Format Version 12.00
# Visual Studio Version 17
VisualStudioVersion = 17.9.34902.65
MinimumVisualStudioVersion = 10.0.40219.1
Project("{FAE04EC0-301F-11D3-BF4B-00C04F79EFBC}") = "VillaSync", "VillaSync\VillaSync.csproj", "{A290F261-8E9D-4CC7-B991-49673BE34E41}"
EndProject
Global
	GlobalSection(SolutionConfigurationPlatforms) = preSolution
		Debug|Any CPU = Debug|Any CPU
		Release|Any CPU = Release|Any CPU
	EndGlobalSection
	GlobalSection(ProjectConfigurationPlatforms) = postSolution
		{A290F261-8E9D-4CC7-B991-49673BE34E41}.Debug|Any CPU.ActiveCfg = Debug|Any CPU
		{A290F261-8E9D-4CC7-B991-49673BE34E41}.Debug|Any CPU.Build.0 = Debug|Any CPU
		{A290F261-8E9D-4CC7-B991-49673BE34E41}.Release|Any CPU.ActiveCfg = Release|Any CPU
		{A290F261-8E9D-4CC7-B991-49673BE34E41}.Release|Any CPU.Build.0 = Release|Any CPU
	EndGlobalSection
	GlobalSection(SolutionProperties) = preSolution
		HideSolutionNode = FALSE
	EndGlobalSection
	GlobalSection(ExtensibilityGlobals) = postSolution
		SolutionGuid = {EA965311-6DFE-4C66-8C97-DFE1132648AB}
	EndGlobalSection
EndGlobal
